
Microsoft Visual Studio Solution File, Format Version 12.00
# Visual Studio Version 17
VisualStudioVersion = 17.1.32228.430
MinimumVisualStudioVersion = 10.0.40219.1
Project("{FAE04EC0-301F-11D3-BF4B-00C04F79EFBC}") = "E-Commerce-App", "E-Commerce-App\E-Commerce-App.csproj", "{5B5CB5EF-0C7C-48E2-A23B-704BB0532EAF}"
EndProject
Global
	GlobalSection(SolutionConfigurationPlatforms) = preSolution
		Debug|Any CPU = Debug|Any CPU
		Release|Any CPU = Release|Any CPU
	EndGlobalSection
	GlobalSection(ProjectConfigurationPlatforms) = postSolution
		{5B5CB5EF-0C7C-48E2-A23B-704BB0532EAF}.Debug|Any CPU.ActiveCfg = Debug|Any CPU
		{5B5CB5EF-0C7C-48E2-A23B-704BB0532EAF}.Debug|Any CPU.Build.0 = Debug|Any CPU
		{5B5CB5EF-0C7C-48E2-A23B-704BB0532EAF}.Release|Any CPU.ActiveCfg = Release|Any CPU
		{5B5CB5EF-0C7C-48E2-A23B-704BB0532EAF}.Release|Any CPU.Build.0 = Release|Any CPU
	EndGlobalSection
	GlobalSection(SolutionProperties) = preSolution
		HideSolutionNode = FALSE
	EndGlobalSection
	GlobalSection(ExtensibilityGlobals) = postSolution
		SolutionGuid = {A9E7561E-39A2-4221-A770-D0D24A4EF4F5}
	EndGlobalSection
EndGlobal
